
Microsoft Visual Studio Solution File, Format Version 12.00
# Visual Studio 15
VisualStudioVersion = 15.0.26730.16
MinimumVisualStudioVersion = 10.0.40219.1
Project("{FAE04EC0-301F-11D3-BF4B-00C04F79EFBC}") = "MongoDB.Repository", "MongoDB.Repository.csproj", "{9B8735B2-2282-467B-B1BA-9893A4919EB5}"
EndProject
Global
	GlobalSection(SolutionConfigurationPlatforms) = preSolution
		Debug|Any CPU = Debug|Any CPU
		Release|Any CPU = Release|Any CPU
	EndGlobalSection
	GlobalSection(ProjectConfigurationPlatforms) = postSolution
		{9B8735B2-2282-467B-B1BA-9893A4919EB5}.Debug|Any CPU.ActiveCfg = Debug|Any CPU
		{9B8735B2-2282-467B-B1BA-9893A4919EB5}.Debug|Any CPU.Build.0 = Debug|Any CPU
		{9B8735B2-2282-467B-B1BA-9893A4919EB5}.Release|Any CPU.ActiveCfg = Release|Any CPU
		{9B8735B2-2282-467B-B1BA-9893A4919EB5}.Release|Any CPU.Build.0 = Release|Any CPU
	EndGlobalSection
	GlobalSection(SolutionProperties) = preSolution
		HideSolutionNode = FALSE
	EndGlobalSection
	GlobalSection(ExtensibilityGlobals) = postSolution
		SolutionGuid = {5DD18D8D-D0E6-4B36-B499-5A8FEE9DE60E}
	EndGlobalSection
EndGlobal
